dependencies:
  espp/base_component:
    component_hash: 8ce5e30215ef1a664ae8967908c1755c43ea0338b6814ffe6a0ba94969412062
    dependencies:
    - name: espp/logger
      registry_url: https://components.espressif.com
      require: private
      version: '>=1.0'
    - name: idf
      require: private
      version: '>=5.0'
    source:
      registry_url: https://components.espressif.com
      type: service
    version: 1.0.36
  espp/base_peripheral:
    component_hash: 4930445404739cf2d6c3f0c58817710d13c65dfdcf3b09f2bf98fb6132376e1e
    dependencies:
    - name: espp/base_component
      registry_url: https://components.espressif.com
      require: private
      version: '>=1.0'
    - name: idf
      require: private
      version: '>=5.0'
    source:
      registry_url: https://components.espressif.com
      type: service
    version: 1.0.36
  espp/cli:
    component_hash: da7092b2ffcdf2620aa4fa784eb81eae8b4f518f23e86ecda7e929def4b85e96
    dependencies:
    - name: espp/logger
      registry_url: https://components.espressif.com
      require: private
      version: '>=1.0'
    - name: idf
      require: private
      version: '>=5.0'
    source:
      registry_url: https://components.espressif.com
      type: service
    version: 1.0.36
  espp/format:
    component_hash: 6a1b3b8548c903f52c1942c16d796bb946da7c2866e86d17cc8d44b746ee7753
    dependencies:
    - name: idf
      require: private
      version: '>=5.0'
    source:
      registry_url: https://components.espressif.com
      type: service
    version: 1.0.36
  espp/i2c:
    component_hash: 9fc40b36a9aa3637088d4c0d87b1f7a638a85416541f8ef4e513daced0faa706
    dependencies:
    - name: espp/base_component
      registry_url: https://components.espressif.com
      require: private
      version: '>=1.0'
    - name: espp/cli
      registry_url: https://components.espressif.com
      require: private
      version: '>=1.0'
    - name: espp/task
      registry_url: https://components.espressif.com
      require: private
      version: '>=1.0'
    - name: idf
      require: private
      version: '>=5.0'
    source:
      registry_url: https://components.espressif.com/
      type: service
    version: 1.0.36
  espp/logger:
    component_hash: afd6709bfc54ba3f88387a1070ffe470253451c1e761a11228019e98ef90a0d9
    dependencies:
    - name: espp/format
      registry_url: https://components.espressif.com
      require: private
      version: '>=1.0'
    - name: idf
      require: private
      version: '>=5.0'
    source:
      registry_url: https://components.espressif.com
      type: service
    version: 1.0.36
  espp/lsm6dso:
    component_hash: 13e2468326c1af4d3a282264fb02b4224682b88eba10de39eb4a6b1ec31d1186
    dependencies:
    - name: espp/base_peripheral
      registry_url: https://components.espressif.com
      require: private
      version: '>=1.0'
    - name: espp/math
      registry_url: https://components.espressif.com
      require: private
      version: '>=1.0'
    - name: idf
      require: private
      version: '>=5.0'
    source:
      registry_url: https://components.espressif.com/
      type: service
    version: 1.0.36
  espp/math:
    component_hash: 535c2814636f60bc1ae0531216ac939c3eb049d7e73cfc6e430be691c6fd9138
    dependencies:
    - name: espp/format
      registry_url: https://components.espressif.com
      require: private
      version: '>=1.0'
    - name: idf
      require: private
      version: '>=5.0'
    source:
      registry_url: https://components.espressif.com
      type: service
    version: 1.0.36
  espp/task:
    component_hash: c62211f03ad195636352a57c0061d15c1c0d272c494c33fe32143f343d4dfa37
    dependencies:
    - name: espp/base_component
      registry_url: https://components.espressif.com
      require: private
      version: '>=1.0'
    - name: idf
      require: private
      version: '>=5.0'
    source:
      registry_url: https://components.espressif.com
      type: service
    version: 1.0.36
  espressif/esp-dsp:
    component_hash: 939e9c053487d6e7b7320a5cb761b2200e4b331730d6721668755ef76ab9f067
    dependencies:
    - name: idf
      require: private
      version: '>=4.2'
    source:
      registry_url: https://components.espressif.com/
      type: service
    version: 1.7.1
  idf:
    source:
      type: idf
    version: 5.5.4
  rjrp44/vl53l5cx:
    component_hash: 7aa14a7ed89e95f73efc5003bd1bfd56542f6092418ff1fd1703aec7cc472998
    dependencies:
    - name: idf
      require: private
      version: '>=5.0'
    source:
      registry_url: https://components.espressif.com/
      type: service
    version: 2.0.4
direct_dependencies:
- espp/i2c
- espp/lsm6dso
- espressif/esp-dsp
- rjrp44/vl53l5cx
manifest_hash: 7208da2210f489ebd36c1d09a2f21e371e1f1543f6abba25e44f930d972110c5
target: esp32
version: 2.0.0
